
Microsoft Visual Studio Solution File, Format Version 12.00
# Visual Studio Version 17
VisualStudioVersion = 17.3.32901.215
MinimumVisualStudioVersion = 10.0.40219.1
Project("{8BC9CEB8-8B4A-11D0-8D11-00A0C91BC942}") = "задание 1", "задание 1\задание 1.vcxproj", "{BA928780-0123-4E52-8883-9B8E1C0A8004}"
EndProject
Global
	GlobalSection(SolutionConfigurationPlatforms) = preSolution
		Debug|x64 = Debug|x64
		Debug|x86 = Debug|x86
		Release|x64 = Release|x64
		Release|x86 = Release|x86
	EndGlobalSection
	GlobalSection(ProjectConfigurationPlatforms) = postSolution
		{BA928780-0123-4E52-8883-9B8E1C0A8004}.Debug|x64.ActiveCfg = Debug|x64
		{BA928780-0123-4E52-8883-9B8E1C0A8004}.Debug|x64.Build.0 = Debug|x64
		{BA928780-0123-4E52-8883-9B8E1C0A8004}.Debug|x86.ActiveCfg = Debug|Win32
		{BA928780-0123-4E52-8883-9B8E1C0A8004}.Debug|x86.Build.0 = Debug|Win32
		{BA928780-0123-4E52-8883-9B8E1C0A8004}.Release|x64.ActiveCfg = Release|x64
		{BA928780-0123-4E52-8883-9B8E1C0A8004}.Release|x64.Build.0 = Release|x64
		{BA928780-0123-4E52-8883-9B8E1C0A8004}.Release|x86.ActiveCfg = Release|Win32
		{BA928780-0123-4E52-8883-9B8E1C0A8004}.Release|x86.Build.0 = Release|Win32
	EndGlobalSection
	GlobalSection(SolutionProperties) = preSolution
		HideSolutionNode = FALSE
	EndGlobalSection
	GlobalSection(ExtensibilityGlobals) = postSolution
		SolutionGuid = {DFD5ED77-97D4-4B94-9140-EB81C22DE742}
	EndGlobalSection
EndGlobal
