
Microsoft Visual Studio Solution File, Format Version 12.00
# Visual Studio Version 17
VisualStudioVersion = 17.3.32901.215
MinimumVisualStudioVersion = 10.0.40219.1
Project("{8BC9CEB8-8B4A-11D0-8D11-00A0C91BC942}") = "ConsoleApplication1", "ConsoleApplication1\ConsoleApplication1.vcxproj", "{EC95269B-E5A8-4CEF-9743-6A89D5B3D371}"
EndProject
Global
	GlobalSection(SolutionConfigurationPlatforms) = preSolution
		Debug|x64 = Debug|x64
		Debug|x86 = Debug|x86
		Release|x64 = Release|x64
		Release|x86 = Release|x86
	EndGlobalSection
	GlobalSection(ProjectConfigurationPlatforms) = postSolution
		{EC95269B-E5A8-4CEF-9743-6A89D5B3D371}.Debug|x64.ActiveCfg = Debug|x64
		{EC95269B-E5A8-4CEF-9743-6A89D5B3D371}.Debug|x64.Build.0 = Debug|x64
		{EC95269B-E5A8-4CEF-9743-6A89D5B3D371}.Debug|x86.ActiveCfg = Debug|Win32
		{EC95269B-E5A8-4CEF-9743-6A89D5B3D371}.Debug|x86.Build.0 = Debug|Win32
		{EC95269B-E5A8-4CEF-9743-6A89D5B3D371}.Release|x64.ActiveCfg = Release|x64
		{EC95269B-E5A8-4CEF-9743-6A89D5B3D371}.Release|x64.Build.0 = Release|x64
		{EC95269B-E5A8-4CEF-9743-6A89D5B3D371}.Release|x86.ActiveCfg = Release|Win32
		{EC95269B-E5A8-4CEF-9743-6A89D5B3D371}.Release|x86.Build.0 = Release|Win32
	EndGlobalSection
	GlobalSection(SolutionProperties) = preSolution
		HideSolutionNode = FALSE
	EndGlobalSection
	GlobalSection(ExtensibilityGlobals) = postSolution
		SolutionGuid = {7E0A39CE-4FE4-4E1E-9562-4B7D52A94D1C}
	EndGlobalSection
EndGlobal
